#
# This file is autogenerated by pip-compile with Python 3.13
# by the following command:
#
#    pip-compile --output-file=requirements.lock --strip-extras pyproject.toml
#
annotated-doc==0.0.4
    # via typer
annotated-types==0.7.0
    # via pydantic
anyio==4.12.1
    # via httpx
certifi==2026.2.25
    # via
    #   httpcore
    #   httpx
cffi==2.0.0
    # via cryptography
click==8.3.1
    # via typer
cryptography==46.0.5
    # via agency-os (pyproject.toml)
h11==0.16.0
    # via httpcore
httpcore==1.0.9
    # via httpx
httpx==0.27.2
    # via agency-os (pyproject.toml)
idna==3.11
    # via
    #   anyio
    #   httpx
markdown-it-py==4.0.0
    # via rich
mdurl==0.1.2
    # via markdown-it-py
pycparser==3.0
    # via cffi
pydantic==2.12.5
    # via agency-os (pyproject.toml)
pydantic-core==2.41.5
    # via pydantic
pygments==2.19.2
    # via rich
pyyaml==6.0.3
    # via agency-os (pyproject.toml)
rich==14.3.3
    # via
    #   agency-os (pyproject.toml)
    #   typer
shellingham==1.5.4
    # via typer
sniffio==1.3.1
    # via httpx
typer==0.24.1
    # via agency-os (pyproject.toml)
typing-extensions==4.15.0
    # via
    #   pydantic
    #   pydantic-core
    #   typing-inspection
typing-inspection==0.4.2
    # via pydantic
